{
  "name": "amazon-playwright-express-scraper",
  "version": "1.0.1",
  "lockfileVersion": 3,
  "requires": true,
  "packages": {
    "": {
      "name": "amazon-playwright-express-scraper",
      "version": "1.0.1",
      "optionalDependencies": {
        "express": "^4.19.2",
        "playwright": "^1.48.0"
      }
    },
    "node_modules/express": {
      "optional": true
    },
    "node_modules/playwright": {
      "optional": true
    }
  }
}
